// !$*UTF8*$!
{
	archiveVersion = 1;
	classes = {
	};
	objectVersion = 56;
	objects = {

/* Begin PBXBuildFile section */
		EE7DFC452BFCE6FC00348013 /* SmileClassifier_0521.mlmodel in Sources */ = {isa = PBXBuildFile; fileRef = EE7DFC442BFCE6FC00348013 /* SmileClassifier_0521.mlmodel */; };
		EE857A0B2C0106B6001890F2 /* SmileClassifierModel.swift in Sources */ = {isa = PBXBuildFile; fileRef = EE857A0A2C0106B6001890F2 /* SmileClassifierModel.swift */; };
		EE857A0D2C010B89001890F2 /* CameraViewModel.swift in Sources */ = {isa = PBXBuildFile; fileRef = EE857A0C2C010B89001890F2 /* CameraViewModel.swift */; };
		EEA170C72BF7B985000A5484 /* AICemeraAppApp.swift in Sources */ = {isa = PBXBuildFile; fileRef = EEA170C62BF7B985000A5484 /* AICemeraAppApp.swift */; };
		EEA170C92BF7B985000A5484 /* ContentView.swift in Sources */ = {isa = PBXBuildFile; fileRef = EEA170C82BF7B985000A5484 /* ContentView.swift */; };
		EEA170CB2BF7B986000A5484 /* Assets.xcassets in Resources */ = {isa = PBXBuildFile; fileRef = EEA170CA2BF7B986000A5484 /* Assets.xcassets */; };
		EEA170CE2BF7B986000A5484 /* Preview Assets.xcassets in Resources */ = {isa = PBXBuildFile; fileRef = EEA170CD2BF7B986000A5484 /* Preview Assets.xcassets */; };
		EEA170D52BF7BA78000A5484 /* CemeraView.swift in Sources */ = {isa = PBXBuildFile; fileRef = EEA170D42BF7BA78000A5484 /* CemeraView.swift */; };
/* End PBXBuildFile section */

/* Begin PBXFileReference section */
		EE7DFC442BFCE6FC00348013 /* SmileClassifier_0521.mlmodel */ = {isa = PBXFileReference; lastKnownFileType = file.mlmodel; path = SmileClassifier_0521.mlmodel; sourceTree = "<group>"; };
		EE7EAF1E2BF892ED00D4A702 /* Info.plist */ = {isa = PBXFileReference; lastKnownFileType = text.plist.xml; path = Info.plist; sourceTree = "<group>"; };
		EE857A0A2C0106B6001890F2 /* SmileClassifierModel.swift */ = {isa = PBXFileReference; lastKnownFileType = sourcecode.swift; path = SmileClassifierModel.swift; sourceTree = "<group>"; };
		EE857A0C2C010B89001890F2 /* CameraViewModel.swift */ = {isa = PBXFileReference; lastKnownFileType = sourcecode.swift; path = CameraViewModel.swift; sourceTree = "<group>"; };
		EEA170C32BF7B985000A5484 /* AICemeraApp.app */ = {isa = PBXFileReference; explicitFileType = wrapper.application; includeInIndex = 0; path = AICemeraApp.app; sourceTree = BUILT_PRODUCTS_DIR; };
		EEA170C62BF7B985000A5484 /* AICemeraAppApp.swift */ = {isa = PBXFileReference; lastKnownFileType = sourcecode.swift; path = AICemeraAppApp.swift; sourceTree = "<group>"; };
		EEA170C82BF7B985000A5484 /* ContentView.swift */ = {isa = PBXFileReference; lastKnownFileType = sourcecode.swift; path = ContentView.swift; sourceTree = "<group>"; };
		EEA170CA2BF7B986000A5484 /* Assets.xcassets */ = {isa = PBXFileReference; lastKnownFileType = folder.assetcatalog; path = Assets.xcassets; sourceTree = "<group>"; };
		EEA170CD2BF7B986000A5484 /* Preview Assets.xcassets */ = {isa = PBXFileReference; lastKnownFileType = folder.assetcatalog; path = "Preview Assets.xcassets"; sourceTree = "<group>"; };
		EEA170D42BF7BA78000A5484 /* CemeraView.swift */ = {isa = PBXFileReference; lastKnownFileType = sourcecode.swift; path = CemeraView.swift; sourceTree = "<group>"; };
/* End PBXFileReference section */

/* Begin PBXFrameworksBuildPhase section */
		EEA170C02BF7B985000A5484 /* Frameworks */ = {
			isa = PBXFrameworksBuildPhase;
			buildActionMask = 2147483647;
			files = (
			);
			runOnlyForDeploymentPostprocessing = 0;
		};
/* End PBXFrameworksBuildPhase section */

/* Begin PBXGroup section */
		EE857A062C01019C001890F2 /* Views */ = {
			isa = PBXGroup;
			children = (
				EEA170C82BF7B985000A5484 /* ContentView.swift */,
				EEA170D42BF7BA78000A5484 /* CemeraView.swift */,
			);
			path = Views;
			sourceTree = "<group>";
		};
		EE857A072C0101B1001890F2 /* Models */ = {
			isa = PBXGroup;
			children = (
				EE857A0A2C0106B6001890F2 /* SmileClassifierModel.swift */,
			);
			path = Models;
			sourceTree = "<group>";
		};
		EE857A082C0101BE001890F2 /* ViewModels */ = {
			isa = PBXGroup;
			children = (
				EE857A0C2C010B89001890F2 /* CameraViewModel.swift */,
			);
			path = ViewModels;
			sourceTree = "<group>";
		};
		EE857A092C0101F5001890F2 /* Resources */ = {
			isa = PBXGroup;
			children = (
				EE7EAF1E2BF892ED00D4A702 /* Info.plist */,
				EEA170CA2BF7B986000A5484 /* Assets.xcassets */,
				EE7DFC442BFCE6FC00348013 /* SmileClassifier_0521.mlmodel */,
			);
			path = Resources;
			sourceTree = "<group>";
		};
		EEA170BA2BF7B985000A5484 = {
			isa = PBXGroup;
			children = (
				EEA170C52BF7B985000A5484 /* AICemeraApp */,
				EEA170C42BF7B985000A5484 /* Products */,
			);
			sourceTree = "<group>";
		};
		EEA170C42BF7B985000A5484 /* Products */ = {
			isa = PBXGroup;
			children = (
				EEA170C32BF7B985000A5484 /* AICemeraApp.app */,
			);
			name = Products;
			sourceTree = "<group>";
		};
		EEA170C52BF7B985000A5484 /* AICemeraApp */ = {
			isa = PBXGroup;
			children = (
				EE857A072C0101B1001890F2 /* Models */,
				EE857A062C01019C001890F2 /* Views */,
				EE857A082C0101BE001890F2 /* ViewModels */,
				EE857A092C0101F5001890F2 /* Resources */,
				EEA170CC2BF7B986000A5484 /* Preview Content */,
				EEA170C62BF7B985000A5484 /* AICemeraAppApp.swift */,
			);
			path = AICemeraApp;
			sourceTree = "<group>";
		};
		EEA170CC2BF7B986000A5484 /* Preview Content */ = {
			isa = PBXGroup;
			children = (
				EEA170CD2BF7B986000A5484 /* Preview Assets.xcassets */,
			);
			path = "Preview Content";
			sourceTree = "<group>";
		};
/* End PBXGroup section */

/* Begin PBXNativeTarget section */
		EEA170C22BF7B985000A5484 /* AICemeraApp */ = {
			isa = PBXNativeTarget;
			buildConfigurationList = EEA170D12BF7B986000A5484 /* Build configuration list for PBXNativeTarget "AICemeraApp" */;
			buildPhases = (
				EEA170BF2BF7B985000A5484 /* Sources */,
				EEA170C02BF7B985000A5484 /* Frameworks */,
				EEA170C12BF7B985000A5484 /* Resources */,
			);
			buildRules = (
			);
			dependencies = (
			);
			name = AICemeraApp;
			productName = AICemeraApp;
			productReference = EEA170C32BF7B985000A5484 /* AICemeraApp.app */;
			productType = "com.apple.product-type.application";
		};
/* End PBXNativeTarget section */

/* Begin PBXProject section */
		EEA170BB2BF7B985000A5484 /* Project object */ = {
			isa = PBXProject;
			attributes = {
				BuildIndependentTargetsInParallel = 1;
				LastSwiftUpdateCheck = 1530;
				LastUpgradeCheck = 1530;
				TargetAttributes = {
					EEA170C22BF7B985000A5484 = {
						CreatedOnToolsVersion = 15.3;
					};
				};
			};
			buildConfigurationList = EEA170BE2BF7B985000A5484 /* Build configuration list for PBXProject "AICemeraApp" */;
			compatibilityVersion = "Xcode 14.0";
			developmentRegion = en;
			hasScannedForEncodings = 0;
			knownRegions = (
				en,
				Base,
			);
			mainGroup = EEA170BA2BF7B985000A5484;
			productRefGroup = EEA170C42BF7B985000A5484 /* Products */;
			projectDirPath = "";
			projectRoot = "";
			targets = (
				EEA170C22BF7B985000A5484 /* AICemeraApp */,
			);
		};
/* End PBXProject section */

/* Begin PBXResourcesBuildPhase section */
		EEA170C12BF7B985000A5484 /* Resources */ = {
			isa = PBXResourcesBuildPhase;
			buildActionMask = 2147483647;
			files = (
				EEA170CE2BF7B986000A5484 /* Preview Assets.xcassets in Resources */,
				EEA170CB2BF7B986000A5484 /* Assets.xcassets in Resources */,
			);
			runOnlyForDeploymentPostprocessing = 0;
		};
/* End PBXResourcesBuildPhase section */

/* Begin PBXSourcesBuildPhase section */
		EEA170BF2BF7B985000A5484 /* Sources */ = {
			isa = PBXSourcesBuildPhase;
			buildActionMask = 2147483647;
			files = (
				EEA170D52BF7BA78000A5484 /* CemeraView.swift in Sources */,
				EE7DFC452BFCE6FC00348013 /* SmileClassifier_0521.mlmodel in Sources */,
				EEA170C92BF7B985000A5484 /* ContentView.swift in Sources */,
				EEA170C72BF7B985000A5484 /* AICemeraAppApp.swift in Sources */,
				EE857A0B2C0106B6001890F2 /* SmileClassifierModel.swift in Sources */,
				EE857A0D2C010B89001890F2 /* CameraViewModel.swift in Sources */,
			);
			runOnlyForDeploymentPostprocessing = 0;
		};
/* End PBXSourcesBuildPhase section */

/* Begin XCBuildConfiguration section */
		EEA170CF2BF7B986000A5484 /* Debug */ = {
			isa = XCBuildConfiguration;
			buildSettings = {
				ALWAYS_SEARCH_USER_PATHS = NO;
				ASSETCATALOG_COMPILER_GENERATE_SWIFT_ASSET_SYMBOL_EXTENSIONS = YES;
				CLANG_ANALYZER_NONNULL = YES;
				CLANG_ANALYZER_NUMBER_OBJECT_CONVERSION = YES_AGGRESSIVE;
				CLANG_CXX_LANGUAGE_STANDARD = "gnu++20";
				CLANG_ENABLE_MODULES = YES;
				CLANG_ENABLE_OBJC_ARC = YES;
				CLANG_ENABLE_OBJC_WEAK = YES;
				CLANG_WARN_BLOCK_CAPTURE_AUTORELEASING = YES;
				CLANG_WARN_BOOL_CONVERSION = YES;
				CLANG_WARN_COMMA = YES;
				CLANG_WARN_CONSTANT_CONVERSION = YES;
				CLANG_WARN_DEPRECATED_OBJC_IMPLEMENTATIONS = YES;
				CLANG_WARN_DIRECT_OBJC_ISA_USAGE = YES_ERROR;
				CLANG_WARN_DOCUMENTATION_COMMENTS = YES;
				CLANG_WARN_EMPTY_BODY = YES;
				CLANG_WARN_ENUM_CONVERSION = YES;
				CLANG_WARN_INFINITE_RECURSION = YES;
				CLANG_WARN_INT_CONVERSION = YES;
				CLANG_WARN_NON_LITERAL_NULL_CONVERSION = YES;
				CLANG_WARN_OBJC_IMPLICIT_RETAIN_SELF = YES;
				CLANG_WARN_OBJC_LITERAL_CONVERSION = YES;
				CLANG_WARN_OBJC_ROOT_CLASS = YES_ERROR;
				CLANG_WARN_QUOTED_INCLUDE_IN_FRAMEWORK_HEADER = YES;
				CLANG_WARN_RANGE_LOOP_ANALYSIS = YES;
				CLANG_WARN_STRICT_PROTOTYPES = YES;
				CLANG_WARN_SUSPICIOUS_MOVE = YES;
				CLANG_WARN_UNGUARDED_AVAILABILITY = YES_AGGRESSIVE;
				CLANG_WARN_UNREACHABLE_CODE = YES;
				CLANG_WARN__DUPLICATE_METHOD_MATCH = YES;
				COPY_PHASE_STRIP = NO;
				DEBUG_INFORMATION_FORMAT = dwarf;
				ENABLE_STRICT_OBJC_MSGSEND = YES;
				ENABLE_TESTABILITY = YES;
				ENABLE_USER_SCRIPT_SANDBOXING = YES;
				GCC_C_LANGUAGE_STANDARD = gnu17;
				GCC_DYNAMIC_NO_PIC = NO;
				GCC_NO_COMMON_BLOCKS = YES;
				GCC_OPTIMIZATION_LEVEL = 0;
				GCC_PREPROCESSOR_DEFINITIONS = (
					"DEBUG=1",
					"$(inherited)",
				);
				GCC_WARN_64_TO_32_BIT_CONVERSION = YES;
				GCC_WARN_ABOUT_RETURN_TYPE = YES_ERROR;
				GCC_WARN_UNDECLARED_SELECTOR = YES;
				GCC_WARN_UNINITIALIZED_AUTOS = YES_AGGRESSIVE;
				GCC_WARN_UNUSED_FUNCTION = YES;
				GCC_WARN_UNUSED_VARIABLE = YES;
				IPHONEOS_DEPLOYMENT_TARGET = 17.4;
				LOCALIZATION_PREFERS_STRING_CATALOGS = YES;
				MTL_ENABLE_DEBUG_INFO = INCLUDE_SOURCE;
				MTL_FAST_MATH = YES;
				ONLY_ACTIVE_ARCH = YES;
				SDKROOT = iphoneos;
				SWIFT_ACTIVE_COMPILATION_CONDITIONS = "DEBUG $(inherited)";
				SWIFT_OPTIMIZATION_LEVEL = "-Onone";
			};
			name = Debug;
		};
		EEA170D02BF7B986000A5484 /* Release */ = {
			isa = XCBuildConfiguration;
			buildSettings = {
				ALWAYS_SEARCH_USER_PATHS = NO;
				ASSETCATALOG_COMPILER_GENERATE_SWIFT_ASSET_SYMBOL_EXTENSIONS = YES;
				CLANG_ANALYZER_NONNULL = YES;
				CLANG_ANALYZER_NUMBER_OBJECT_CONVERSION = YES_AGGRESSIVE;
				CLANG_CXX_LANGUAGE_STANDARD = "gnu++20";
				CLANG_ENABLE_MODULES = YES;
				CLANG_ENABLE_OBJC_ARC = YES;
				CLANG_ENABLE_OBJC_WEAK = YES;
				CLANG_WARN_BLOCK_CAPTURE_AUTORELEASING = YES;
				CLANG_WARN_BOOL_CONVERSION = YES;
				CLANG_WARN_COMMA = YES;
				CLANG_WARN_CONSTANT_CONVERSION = YES;
				CLANG_WARN_DEPRECATED_OBJC_IMPLEMENTATIONS = YES;
				CLANG_WARN_DIRECT_OBJC_ISA_USAGE = YES_ERROR;
				CLANG_WARN_DOCUMENTATION_COMMENTS = YES;
				CLANG_WARN_EMPTY_BODY = YES;
				CLANG_WARN_ENUM_CONVERSION = YES;
				CLANG_WARN_INFINITE_RECURSION = YES;
				CLANG_WARN_INT_CONVERSION = YES;
				CLANG_WARN_NON_LITERAL_NULL_CONVERSION = YES;
				CLANG_WARN_OBJC_IMPLICIT_RETAIN_SELF = YES;
				CLANG_WARN_OBJC_LITERAL_CONVERSION = YES;
				CLANG_WARN_OBJC_ROOT_CLASS = YES_ERROR;
				CLANG_WARN_QUOTED_INCLUDE_IN_FRAMEWORK_HEADER = YES;
				CLANG_WARN_RANGE_LOOP_ANALYSIS = YES;
				CLANG_WARN_STRICT_PROTOTYPES = YES;
				CLANG_WARN_SUSPICIOUS_MOVE = YES;
				CLANG_WARN_UNGUARDED_AVAILABILITY = YES_AGGRESSIVE;
				CLANG_WARN_UNREACHABLE_CODE = YES;
				CLANG_WARN__DUPLICATE_METHOD_MATCH = YES;
				COPY_PHASE_STRIP = NO;
				DEBUG_INFORMATION_FORMAT = "dwarf-with-dsym";
				ENABLE_NS_ASSERTIONS = NO;
				ENABLE_STRICT_OBJC_MSGSEND = YES;
				ENABLE_USER_SCRIPT_SANDBOXING = YES;
				GCC_C_LANGUAGE_STANDARD = gnu17;
				GCC_NO_COMMON_BLOCKS = YES;
				GCC_WARN_64_TO_32_BIT_CONVERSION = YES;
				GCC_WARN_ABOUT_RETURN_TYPE = YES_ERROR;
				GCC_WARN_UNDECLARED_SELECTOR = YES;
				GCC_WARN_UNINITIALIZED_AUTOS = YES_AGGRESSIVE;
				GCC_WARN_UNUSED_FUNCTION = YES;
				GCC_WARN_UNUSED_VARIABLE = YES;
				IPHONEOS_DEPLOYMENT_TARGET = 17.4;
				LOCALIZATION_PREFERS_STRING_CATALOGS = YES;
				MTL_ENABLE_DEBUG_INFO = NO;
				MTL_FAST_MATH = YES;
				SDKROOT = iphoneos;
				SWIFT_COMPILATION_MODE = wholemodule;
				VALIDATE_PRODUCT = YES;
			};
			name = Release;
		};
		EEA170D22BF7B986000A5484 /* Debug */ = {
			isa = XCBuildConfiguration;
			buildSettings = {
				ASSETCATALOG_COMPILER_APPICON_NAME = AppIcon;
				ASSETCATALOG_COMPILER_GLOBAL_ACCENT_COLOR_NAME = AccentColor;
				CODE_SIGN_STYLE = Automatic;
				CURRENT_PROJECT_VERSION = 1;
				DEVELOPMENT_ASSET_PATHS = "\"AICemeraApp/Preview Content\"";
				DEVELOPMENT_TEAM = 9US465DXCK;
				ENABLE_PREVIEWS = YES;
				GENERATE_INFOPLIST_FILE = YES;
				INFOPLIST_FILE = AICemeraApp/Resources/Info.plist;
				INFOPLIST_KEY_NSCameraUsageDescription = "アプリで写真を撮影する目的でリクエストします。";
				INFOPLIST_KEY_NSPhotoLibraryAddUsageDescription = "アプリで撮影した写真を保存する目的でリクエストします。";
				INFOPLIST_KEY_UIApplicationSceneManifest_Generation = YES;
				INFOPLIST_KEY_UIApplicationSupportsIndirectInputEvents = YES;
				INFOPLIST_KEY_UILaunchScreen_Generation = YES;
				INFOPLIST_KEY_UISupportedInterfaceOrientations_iPad = "UIInterfaceOrientationPortrait UIInterfaceOrientationPortraitUpsideDown UIInterfaceOrientationLandscapeLeft UIInterfaceOrientationLandscapeRight";
				INFOPLIST_KEY_UISupportedInterfaceOrientations_iPhone = "UIInterfaceOrientationPortrait UIInterfaceOrientationLandscapeLeft UIInterfaceOrientationLandscapeRight";
				LD_RUNPATH_SEARCH_PATHS = (
					"$(inherited)",
					"@executable_path/Frameworks",
				);
				MARKETING_VERSION = 1.0;
				PRODUCT_BUNDLE_IDENTIFIER = com.yakyu.AICemeraApp;
				PRODUCT_NAME = "$(TARGET_NAME)";
				SWIFT_EMIT_LOC_STRINGS = YES;
				SWIFT_VERSION = 5.0;
				TARGETED_DEVICE_FAMILY = "1,2";
			};
			name = Debug;
		};
		EEA170D32BF7B986000A5484 /* Release */ = {
			isa = XCBuildConfiguration;
			buildSettings = {
				ASSETCATALOG_COMPILER_APPICON_NAME = AppIcon;
				ASSETCATALOG_COMPILER_GLOBAL_ACCENT_COLOR_NAME = AccentColor;
				CODE_SIGN_STYLE = Automatic;
				CURRENT_PROJECT_VERSION = 1;
				DEVELOPMENT_ASSET_PATHS = "\"AICemeraApp/Preview Content\"";
				DEVELOPMENT_TEAM = 9US465DXCK;
				ENABLE_PREVIEWS = YES;
				GENERATE_INFOPLIST_FILE = YES;
				INFOPLIST_FILE = AICemeraApp/Resources/Info.plist;
				INFOPLIST_KEY_NSCameraUsageDescription = "アプリで写真を撮影する目的でリクエストします。";
				INFOPLIST_KEY_NSPhotoLibraryAddUsageDescription = "アプリで撮影した写真を保存する目的でリクエストします。";
				INFOPLIST_KEY_UIApplicationSceneManifest_Generation = YES;
				INFOPLIST_KEY_UIApplicationSupportsIndirectInputEvents = YES;
				INFOPLIST_KEY_UILaunchScreen_Generation = YES;
				INFOPLIST_KEY_UISupportedInterfaceOrientations_iPad = "UIInterfaceOrientationPortrait UIInterfaceOrientationPortraitUpsideDown UIInterfaceOrientationLandscapeLeft UIInterfaceOrientationLandscapeRight";
				INFOPLIST_KEY_UISupportedInterfaceOrientations_iPhone = "UIInterfaceOrientationPortrait UIInterfaceOrientationLandscapeLeft UIInterfaceOrientationLandscapeRight";
				LD_RUNPATH_SEARCH_PATHS = (
					"$(inherited)",
					"@executable_path/Frameworks",
				);
				MARKETING_VERSION = 1.0;
				PRODUCT_BUNDLE_IDENTIFIER = com.yakyu.AICemeraApp;
				PRODUCT_NAME = "$(TARGET_NAME)";
				SWIFT_EMIT_LOC_STRINGS = YES;
				SWIFT_VERSION = 5.0;
				TARGETED_DEVICE_FAMILY = "1,2";
			};
			name = Release;
		};
/* End XCBuildConfiguration section */

/* Begin XCConfigurationList section */
		EEA170BE2BF7B985000A5484 /* Build configuration list for PBXProject "AICemeraApp" */ = {
			isa = XCConfigurationList;
			buildConfigurations = (
				EEA170CF2BF7B986000A5484 /* Debug */,
				EEA170D02BF7B986000A5484 /* Release */,
			);
			defaultConfigurationIsVisible = 0;
			defaultConfigurationName = Release;
		};
		EEA170D12BF7B986000A5484 /* Build configuration list for PBXNativeTarget "AICemeraApp" */ = {
			isa = XCConfigurationList;
			buildConfigurations = (
				EEA170D22BF7B986000A5484 /* Debug */,
				EEA170D32BF7B986000A5484 /* Release */,
			);
			defaultConfigurationIsVisible = 0;
			defaultConfigurationName = Release;
		};
/* End XCConfigurationList section */
	};
	rootObject = EEA170BB2BF7B985000A5484 /* Project object */;
}
